
Microsoft Visual Studio Solution File, Format Version 12.00
# Visual Studio 15
VisualStudioVersion = 15.0.27130.2026
MinimumVisualStudioVersion = 10.0.40219.1
Project("{8BC9CEB8-8B4A-11D0-8D11-00A0C91BC942}") = "ShoppingCart", "ShoppingCart\ShoppingCart.vcxproj", "{87C00102-5277-4B08-96E2-6387DB6A6BDA}"
EndProject
Global
	GlobalSection(SolutionConfigurationPlatforms) = preSolution
		Debug|x64 = Debug|x64
		Debug|x86 = Debug|x86
		Release|x64 = Release|x64
		Release|x86 = Release|x86
	EndGlobalSection
	GlobalSection(ProjectConfigurationPlatforms) = postSolution
		{87C00102-5277-4B08-96E2-6387DB6A6BDA}.Debug|x64.ActiveCfg = Debug|x64
		{87C00102-5277-4B08-96E2-6387DB6A6BDA}.Debug|x64.Build.0 = Debug|x64
		{87C00102-5277-4B08-96E2-6387DB6A6BDA}.Debug|x86.ActiveCfg = Debug|Win32
		{87C00102-5277-4B08-96E2-6387DB6A6BDA}.Debug|x86.Build.0 = Debug|Win32
		{87C00102-5277-4B08-96E2-6387DB6A6BDA}.Release|x64.ActiveCfg = Release|x64
		{87C00102-5277-4B08-96E2-6387DB6A6BDA}.Release|x64.Build.0 = Release|x64
		{87C00102-5277-4B08-96E2-6387DB6A6BDA}.Release|x86.ActiveCfg = Release|Win32
		{87C00102-5277-4B08-96E2-6387DB6A6BDA}.Release|x86.Build.0 = Release|Win32
	EndGlobalSection
	GlobalSection(SolutionProperties) = preSolution
		HideSolutionNode = FALSE
	EndGlobalSection
	GlobalSection(ExtensibilityGlobals) = postSolution
		SolutionGuid = {6149549D-0275-4C32-BE6F-BADE90D81DBF}
	EndGlobalSection
EndGlobal
